
Microsoft Visual Studio Solution File, Format Version 12.00
# Visual Studio 15
VisualStudioVersion = 15.0.26730.8
MinimumVisualStudioVersion = 10.0.40219.1
Project("{FAE04EC0-301F-11D3-BF4B-00C04F79EFBC}") = "Neo@AnimationControl", "Neo@AnimationControl.csproj", "{5211D76F-764F-BBE9-7722-249CD6010F58}"
EndProject
Global
	GlobalSection(SolutionConfigurationPlatforms) = preSolution
		Debug|Any CPU = Debug|Any CPU
		Release|Any CPU = Release|Any CPU
	EndGlobalSection
	GlobalSection(ProjectConfigurationPlatforms) = postSolution
		{5211D76F-764F-BBE9-7722-249CD6010F58}.Debug|Any CPU.ActiveCfg = Debug|Any CPU
		{5211D76F-764F-BBE9-7722-249CD6010F58}.Debug|Any CPU.Build.0 = Debug|Any CPU
		{5211D76F-764F-BBE9-7722-249CD6010F58}.Release|Any CPU.ActiveCfg = Release|Any CPU
		{5211D76F-764F-BBE9-7722-249CD6010F58}.Release|Any CPU.Build.0 = Release|Any CPU
	EndGlobalSection
	GlobalSection(SolutionProperties) = preSolution
		HideSolutionNode = FALSE
	EndGlobalSection
	GlobalSection(ExtensibilityGlobals) = postSolution
		SolutionGuid = {D1030419-9569-4BE0-9010-81F6FC1216DB}
	EndGlobalSection
EndGlobal
